{
  "version": 4,
  "terraform_version": "0.12.13",
  "serial": 21,
  "lineage": "722fb7f2-42f6-4c8a-e270-16dee38d1c4a",
  "outputs": {
    "account_id": {
      "value": "786503792393",
      "type": "string"
    }
  },
  "resources": [
    {
      "mode": "data",
      "type": "aws_caller_identity",
      "name": "current",
      "provider": "provider.aws",
      "instances": [
        {
          "schema_version": 0,
          "attributes": {
            "account_id": "786503792393",
            "arn": "arn:aws:iam::786503792393:user/admin",
            "id": "2019-11-15 14:11:41.215029283 +0000 UTC",
            "user_id": "AIDA3OH2HO4E6Y62BQDJR"
          }
        }
      ]
    },
    {
      "mode": "managed",
      "type": "aws_instance",
      "name": "JH1",
      "provider": "provider.aws",
      "instances": [
        {
          "schema_version": 1,
          "attributes": {
            "ami": "ami-0cc0a36f626a4fdf5",
            "arn": "arn:aws:ec2:eu-central-1:786503792393:instance/i-005949e4e521811bb",
            "associate_public_ip_address": true,
            "availability_zone": "eu-central-1c",
            "cpu_core_count": 1,
            "cpu_threads_per_core": 1,
            "credit_specification": [
              {
                "cpu_credits": "standard"
              }
            ],
            "disable_api_termination": false,
            "ebs_block_device": [],
            "ebs_optimized": false,
            "ephemeral_block_device": [],
            "get_password_data": false,
            "host_id": null,
            "iam_instance_profile": "",
            "id": "i-005949e4e521811bb",
            "instance_initiated_shutdown_behavior": null,
            "instance_state": "running",
            "instance_type": "t2.micro",
            "ipv6_address_count": 0,
            "ipv6_addresses": [],
            "key_name": "JH",
            "monitoring": false,
            "network_interface": [],
            "network_interface_id": null,
            "password_data": "",
            "placement_group": "",
            "primary_network_interface_id": "eni-0f6618dc3d1830800",
            "private_dns": "ip-172-31-5-119.eu-central-1.compute.internal",
            "private_ip": "172.31.5.119",
            "public_dns": "ec2-3-123-26-23.eu-central-1.compute.amazonaws.com",
            "public_ip": "3.123.26.23",
            "root_block_device": [
              {
                "delete_on_termination": true,
                "encrypted": false,
                "iops": 100,
                "kms_key_id": "",
                "volume_id": "vol-0a27db9ea26207080",
                "volume_size": 8,
                "volume_type": "gp2"
              }
            ],
            "security_groups": [
              "JHs"
            ],
            "source_dest_check": true,
            "subnet_id": "subnet-eeebf1a3",
            "tags": {
              "Name": "JH1"
            },
            "tenancy": "default",
            "timeouts": null,
            "user_data": null,
            "user_data_base64": null,
            "volume_tags": {},
            "vpc_security_group_ids": [
              "sg-042762992a5670259"
            ]
          },
          "private": "eyJlMmJmYjczMC1lY2FhLTExZTYtOGY4OC0zNDM2M2JjN2M0YzAiOnsiY3JlYXRlIjo2MDAwMDAwMDAwMDAsImRlbGV0ZSI6MTIwMDAwMDAwMDAwMCwidXBkYXRlIjo2MDAwMDAwMDAwMDB9LCJzY2hlbWFfdmVyc2lvbiI6IjEifQ=="
        }
      ]
    }
  ]
}
